PODS:
  - ChameleonFramework/Default (2.1.0)
  - ChameleonFramework/Swift (2.1.0):
    - ChameleonFramework/Default

DEPENDENCIES:
  - ChameleonFramework/Swift (from `https://github.com/vicc/chameleon.git`)

EXTERNAL SOURCES:
  ChameleonFramework:
    :git: https://github.com/vicc/chameleon.git

CHECKOUT OPTIONS:
  ChameleonFramework:
    :commit: 6dd284bde21ea2e7f9fd89bc36f40df16e16369d
    :git: https://github.com/vicc/chameleon.git

SPEC CHECKSUMS:
  ChameleonFramework: d21a3cc247abfe5e37609a283a8238b03575cf64

PODFILE CHECKSUM: 5272ae03a6bf3f09934c51199ec96d225f4bdb71

COCOAPODS: 1.10.1
